
Microsoft Visual Studio Solution File, Format Version 12.00
# Visual Studio Version 17
VisualStudioVersion = 17.7.34031.279
MinimumVisualStudioVersion = 10.0.40219.1
Project("{9A19103F-16F7-4668-BE54-9A1E7A4F7556}") = "PlatformyProgramistyczne", "PlatformyProgramistyczne\PlatformyProgramistyczne.csproj", "{701CEB08-FF3A-422C-B6D7-8E3771AD73E2}"
EndProject
Project("{FAE04EC0-301F-11D3-BF4B-00C04F79EFBC}") = "GUI", "GUI\GUI.csproj", "{2B2700EA-B250-438B-9D12-B79757DC9D87}"
EndProject
Project("{FAE04EC0-301F-11D3-BF4B-00C04F79EFBC}") = "Test", "Test\Test.csproj", "{F41C2E66-3934-4ED1-B2EC-F62F90D9A443}"
EndProject
Global
	GlobalSection(SolutionConfigurationPlatforms) = preSolution
		Debug|Any CPU = Debug|Any CPU
		Release|Any CPU = Release|Any CPU
	EndGlobalSection
	GlobalSection(ProjectConfigurationPlatforms) = postSolution
		{701CEB08-FF3A-422C-B6D7-8E3771AD73E2}.Debug|Any CPU.ActiveCfg = Debug|Any CPU
		{701CEB08-FF3A-422C-B6D7-8E3771AD73E2}.Debug|Any CPU.Build.0 = Debug|Any CPU
		{701CEB08-FF3A-422C-B6D7-8E3771AD73E2}.Release|Any CPU.ActiveCfg = Release|Any CPU
		{701CEB08-FF3A-422C-B6D7-8E3771AD73E2}.Release|Any CPU.Build.0 = Release|Any CPU
		{2B2700EA-B250-438B-9D12-B79757DC9D87}.Debug|Any CPU.ActiveCfg = Debug|Any CPU
		{2B2700EA-B250-438B-9D12-B79757DC9D87}.Debug|Any CPU.Build.0 = Debug|Any CPU
		{2B2700EA-B250-438B-9D12-B79757DC9D87}.Release|Any CPU.ActiveCfg = Release|Any CPU
		{2B2700EA-B250-438B-9D12-B79757DC9D87}.Release|Any CPU.Build.0 = Release|Any CPU
		{F41C2E66-3934-4ED1-B2EC-F62F90D9A443}.Debug|Any CPU.ActiveCfg = Debug|Any CPU
		{F41C2E66-3934-4ED1-B2EC-F62F90D9A443}.Debug|Any CPU.Build.0 = Debug|Any CPU
		{F41C2E66-3934-4ED1-B2EC-F62F90D9A443}.Release|Any CPU.ActiveCfg = Release|Any CPU
		{F41C2E66-3934-4ED1-B2EC-F62F90D9A443}.Release|Any CPU.Build.0 = Release|Any CPU
	EndGlobalSection
	GlobalSection(SolutionProperties) = preSolution
		HideSolutionNode = FALSE
	EndGlobalSection
	GlobalSection(ExtensibilityGlobals) = postSolution
		SolutionGuid = {79E92F4A-9538-41B4-8978-E47BDC98947B}
	EndGlobalSection
EndGlobal
